
Microsoft Visual Studio Solution File, Format Version 12.00
# Visual Studio Version 16
VisualStudioVersion = 16.0.31424.327
MinimumVisualStudioVersion = 10.0.40219.1
Project("{FAE04EC0-301F-11D3-BF4B-00C04F79EFBC}") = "2.1.AdivinaNumero", "2.1.AdivinaNumero.csproj", "{4A007C2C-08FB-4EBE-BDA6-B70F50E4D896}"
EndProject
Global
	GlobalSection(SolutionConfigurationPlatforms) = preSolution
		Debug|Any CPU = Debug|Any CPU
		Release|Any CPU = Release|Any CPU
	EndGlobalSection
	GlobalSection(ProjectConfigurationPlatforms) = postSolution
		{4A007C2C-08FB-4EBE-BDA6-B70F50E4D896}.Debug|Any CPU.ActiveCfg = Debug|Any CPU
		{4A007C2C-08FB-4EBE-BDA6-B70F50E4D896}.Debug|Any CPU.Build.0 = Debug|Any CPU
		{4A007C2C-08FB-4EBE-BDA6-B70F50E4D896}.Release|Any CPU.ActiveCfg = Release|Any CPU
		{4A007C2C-08FB-4EBE-BDA6-B70F50E4D896}.Release|Any CPU.Build.0 = Release|Any CPU
	EndGlobalSection
	GlobalSection(SolutionProperties) = preSolution
		HideSolutionNode = FALSE
	EndGlobalSection
	GlobalSection(ExtensibilityGlobals) = postSolution
		SolutionGuid = {017E8254-652C-48AF-B2AF-B4F6DEA71734}
	EndGlobalSection
EndGlobal
